
Microsoft Visual Studio Solution File, Format Version 12.00
# Visual Studio Version 17
VisualStudioVersion = 17.14.36327.8 d17.14
MinimumVisualStudioVersion = 10.0.40219.1
Project("{FAE04EC0-301F-11D3-BF4B-00C04F79EFBC}") = "CacheWithRAM", "CacheWithRAM\CacheWithRAM.csproj", "{B6B078A1-E946-4A76-8D52-FF1334E87F7E}"
EndProject
Global
	GlobalSection(SolutionConfigurationPlatforms) = preSolution
		Debug|Any CPU = Debug|Any CPU
		Release|Any CPU = Release|Any CPU
	EndGlobalSection
	GlobalSection(ProjectConfigurationPlatforms) = postSolution
		{B6B078A1-E946-4A76-8D52-FF1334E87F7E}.Debug|Any CPU.ActiveCfg = Debug|Any CPU
		{B6B078A1-E946-4A76-8D52-FF1334E87F7E}.Debug|Any CPU.Build.0 = Debug|Any CPU
		{B6B078A1-E946-4A76-8D52-FF1334E87F7E}.Release|Any CPU.ActiveCfg = Release|Any CPU
		{B6B078A1-E946-4A76-8D52-FF1334E87F7E}.Release|Any CPU.Build.0 = Release|Any CPU
	EndGlobalSection
	GlobalSection(SolutionProperties) = preSolution
		HideSolutionNode = FALSE
	EndGlobalSection
	GlobalSection(ExtensibilityGlobals) = postSolution
		SolutionGuid = {04D4DE2C-A300-4FA8-A410-BC44F556E0AA}
	EndGlobalSection
EndGlobal
